// !$*UTF8*$!
{
	archiveVersion = 1;
	classes = {
	};
	objectVersion = 46;
	objects = {

/* Begin PBXAggregateTarget section */
		"MicroGene::MicroGenePackageTests::ProductTarget" /* MicroGenePackageTests */ = {
			isa = PBXAggregateTarget;
			buildConfigurationList = OBJ_39 /* Build configuration list for PBXAggregateTarget "MicroGenePackageTests" */;
			buildPhases = (
			);
			dependencies = (
				OBJ_42 /* PBXTargetDependency */,
			);
			name = MicroGenePackageTests;
			productName = MicroGenePackageTests;
		};
/* End PBXAggregateTarget section */

/* Begin PBXBuildFile section */
		F60413921F90AE7300CC927D /* Executor.swift in Sources */ = {isa = PBXBuildFile; fileRef = F60413911F90AE7300CC927D /* Executor.swift */; };
		F60413941F90AEF200CC927D /* Executing.swift in Sources */ = {isa = PBXBuildFile; fileRef = F60413931F90AEF200CC927D /* Executing.swift */; };
		F60413971F90AFBA00CC927D /* Matcher.swift in Sources */ = {isa = PBXBuildFile; fileRef = F60413961F90AFBA00CC927D /* Matcher.swift */; };
		F60413991F90AFF400CC927D /* Matching.swift in Sources */ = {isa = PBXBuildFile; fileRef = F60413981F90AFF400CC927D /* Matching.swift */; };
		F604139D1F90B1FC00CC927D /* System.swift in Sources */ = {isa = PBXBuildFile; fileRef = F604139C1F90B1FC00CC927D /* System.swift */; };
		F60413A11F90B25E00CC927D /* Matchable.swift in Sources */ = {isa = PBXBuildFile; fileRef = F60413A01F90B25E00CC927D /* Matchable.swift */; };
		F60413A31F90BA1E00CC927D /* PathExpression.swift in Sources */ = {isa = PBXBuildFile; fileRef = F60413A21F90BA1E00CC927D /* PathExpression.swift */; };
		F66C0BFE1F9AF43C000AA0F1 /* Executable.swift in Sources */ = {isa = PBXBuildFile; fileRef = F66C0BFD1F9AF43C000AA0F1 /* Executable.swift */; };
		F66C0C001F9AF6AE000AA0F1 /* DefaultTypes.swift in Sources */ = {isa = PBXBuildFile; fileRef = F66C0BFF1F9AF6AE000AA0F1 /* DefaultTypes.swift */; };
		F66C0C021F9AF7B5000AA0F1 /* CompartmentId.swift in Sources */ = {isa = PBXBuildFile; fileRef = F66C0C011F9AF7B5000AA0F1 /* CompartmentId.swift */; };
		F66C0C041F9AF8AF000AA0F1 /* Gene.swift in Sources */ = {isa = PBXBuildFile; fileRef = F66C0C031F9AF8AF000AA0F1 /* Gene.swift */; };
		F66C0C061F9AF8DA000AA0F1 /* DefaultGenes.swift in Sources */ = {isa = PBXBuildFile; fileRef = F66C0C051F9AF8DA000AA0F1 /* DefaultGenes.swift */; };
		F66C0C081F9AF900000AA0F1 /* Ragistration.swift in Sources */ = {isa = PBXBuildFile; fileRef = F66C0C071F9AF900000AA0F1 /* Ragistration.swift */; };
		F66C0C0A1F9B0829000AA0F1 /* Priority.swift in Sources */ = {isa = PBXBuildFile; fileRef = F66C0C091F9B0829000AA0F1 /* Priority.swift */; };
		F66C0C0C1F9B1B2A000AA0F1 /* GeneTests.swift in Sources */ = {isa = PBXBuildFile; fileRef = F66C0C0B1F9B1B2A000AA0F1 /* GeneTests.swift */; };
		F66DFB1F1F9229A30048C225 /* AnyHashableConvertible.swift in Sources */ = {isa = PBXBuildFile; fileRef = F66DFB1E1F9229A30048C225 /* AnyHashableConvertible.swift */; };
		F66DFB211F9315540048C225 /* HashCombine.swift in Sources */ = {isa = PBXBuildFile; fileRef = F66DFB201F9315540048C225 /* HashCombine.swift */; };
		F66DFB241F93286F0048C225 /* PathExpressionTests.swift in Sources */ = {isa = PBXBuildFile; fileRef = F66DFB221F9327C00048C225 /* PathExpressionTests.swift */; };
		F66DFB261F936A8A0048C225 /* PathExpressionMatching.swift in Sources */ = {isa = PBXBuildFile; fileRef = F66DFB251F936A8A0048C225 /* PathExpressionMatching.swift */; };
		F6A87C541F9059460022D46E /* Storage.swift in Sources */ = {isa = PBXBuildFile; fileRef = F6A87C501F9056800022D46E /* Storage.swift */; };
		F6A87C571F905A7B0022D46E /* Storable.swift in Sources */ = {isa = PBXBuildFile; fileRef = F6A87C551F905A140022D46E /* Storable.swift */; };
		F6A87C5A1F905AEA0022D46E /* CompartmentIndex.swift in Sources */ = {isa = PBXBuildFile; fileRef = F6A87C581F905AE80022D46E /* CompartmentIndex.swift */; };
		F6A87C5C1F905B520022D46E /* Path.swift in Sources */ = {isa = PBXBuildFile; fileRef = F6A87C5B1F905B520022D46E /* Path.swift */; };
		F6A87C5E1F905EDB0022D46E /* Storing.swift in Sources */ = {isa = PBXBuildFile; fileRef = F6A87C5D1F905EDB0022D46E /* Storing.swift */; };
		F6A87C601F905FCC0022D46E /* StorableId.swift in Sources */ = {isa = PBXBuildFile; fileRef = F6A87C5F1F905FCC0022D46E /* StorableId.swift */; };
		F6A87C621F90623C0022D46E /* Operators.swift in Sources */ = {isa = PBXBuildFile; fileRef = F6A87C611F90623C0022D46E /* Operators.swift */; };
		F6A87C641F9091390022D46E /* CompartmentIndexTests.swift in Sources */ = {isa = PBXBuildFile; fileRef = F6A87C631F9091390022D46E /* CompartmentIndexTests.swift */; };
		F6A87C681F909BE70022D46E /* PathTests.swift in Sources */ = {isa = PBXBuildFile; fileRef = F6A87C671F909BE70022D46E /* PathTests.swift */; };
		F6A87C6A1F909C4D0022D46E /* Definitions.swift in Sources */ = {isa = PBXBuildFile; fileRef = F6A87C691F909C4D0022D46E /* Definitions.swift */; };
		F6A87C6C1F90A4230022D46E /* StorageTests.swift in Sources */ = {isa = PBXBuildFile; fileRef = F6A87C6B1F90A4230022D46E /* StorageTests.swift */; };
		F6ACB5511F95CAAE007BFC62 /* TypeChecker.swift in Sources */ = {isa = PBXBuildFile; fileRef = F6ACB5501F95CAAE007BFC62 /* TypeChecker.swift */; };
		F6ED5E031F94A81E00375D70 /* MatcherTests.swift in Sources */ = {isa = PBXBuildFile; fileRef = F6ED5E011F94A80E00375D70 /* MatcherTests.swift */; };
		F6EF800D1F937ED70095AEE6 /* CompiledExpressionMatching.swift in Sources */ = {isa = PBXBuildFile; fileRef = F6EF800B1F937E4F0095AEE6 /* CompiledExpressionMatching.swift */; };
		F6EF80131F93960F0095AEE6 /* flatten.swift in Sources */ = {isa = PBXBuildFile; fileRef = F6EF80111F93960C0095AEE6 /* flatten.swift */; };
		F6EF80151F93991E0095AEE6 /* Box.swift in Sources */ = {isa = PBXBuildFile; fileRef = F6EF80141F93991E0095AEE6 /* Box.swift */; };
		OBJ_21 /* Package.swift in Sources */ = {isa = PBXBuildFile; fileRef = OBJ_6 /* Package.swift */; };
		OBJ_29 /* MicroGene.framework in Frameworks */ = {isa = PBXBuildFile; fileRef = "MicroGene::MicroGene::Product" /* MicroGene.framework */; };
/* End PBXBuildFile section */

/* Begin PBXContainerItemProxy section */
		F6A87C4C1F9051070022D46E /* PBXContainerItemProxy */ = {
			isa = PBXContainerItemProxy;
			containerPortal = OBJ_1 /* Project object */;
			proxyType = 1;
			remoteGlobalIDString = "MicroGene::MicroGene";
			remoteInfo = MicroGene;
		};
		F6A87C4D1F90510E0022D46E /* PBXContainerItemProxy */ = {
			isa = PBXContainerItemProxy;
			containerPortal = OBJ_1 /* Project object */;
			proxyType = 1;
			remoteGlobalIDString = "MicroGene::MicroGeneTests";
			remoteInfo = MicroGeneTests;
		};
/* End PBXContainerItemProxy section */

/* Begin PBXFileReference section */
		F60413911F90AE7300CC927D /* Executor.swift */ = {isa = PBXFileReference; lastKnownFileType = sourcecode.swift; path = Executor.swift; sourceTree = "<group>"; };
		F60413931F90AEF200CC927D /* Executing.swift */ = {isa = PBXFileReference; lastKnownFileType = sourcecode.swift; path = Executing.swift; sourceTree = "<group>"; };
		F60413961F90AFBA00CC927D /* Matcher.swift */ = {isa = PBXFileReference; lastKnownFileType = sourcecode.swift; path = Matcher.swift; sourceTree = "<group>"; };
		F60413981F90AFF400CC927D /* Matching.swift */ = {isa = PBXFileReference; lastKnownFileType = sourcecode.swift; path = Matching.swift; sourceTree = "<group>"; };
		F604139C1F90B1FC00CC927D /* System.swift */ = {isa = PBXFileReference; lastKnownFileType = sourcecode.swift; path = System.swift; sourceTree = "<group>"; };
		F60413A01F90B25E00CC927D /* Matchable.swift */ = {isa = PBXFileReference; lastKnownFileType = sourcecode.swift; path = Matchable.swift; sourceTree = "<group>"; };
		F60413A21F90BA1E00CC927D /* PathExpression.swift */ = {isa = PBXFileReference; lastKnownFileType = sourcecode.swift; path = PathExpression.swift; sourceTree = "<group>"; };
		F66C0BFD1F9AF43C000AA0F1 /* Executable.swift */ = {isa = PBXFileReference; lastKnownFileType = sourcecode.swift; path = Executable.swift; sourceTree = "<group>"; };
		F66C0BFF1F9AF6AE000AA0F1 /* DefaultTypes.swift */ = {isa = PBXFileReference; lastKnownFileType = sourcecode.swift; path = DefaultTypes.swift; sourceTree = "<group>"; };
		F66C0C011F9AF7B5000AA0F1 /* CompartmentId.swift */ = {isa = PBXFileReference; lastKnownFileType = sourcecode.swift; path = CompartmentId.swift; sourceTree = "<group>"; };
		F66C0C031F9AF8AF000AA0F1 /* Gene.swift */ = {isa = PBXFileReference; lastKnownFileType = sourcecode.swift; path = Gene.swift; sourceTree = "<group>"; };
		F66C0C051F9AF8DA000AA0F1 /* DefaultGenes.swift */ = {isa = PBXFileReference; lastKnownFileType = sourcecode.swift; path = DefaultGenes.swift; sourceTree = "<group>"; };
		F66C0C071F9AF900000AA0F1 /* Ragistration.swift */ = {isa = PBXFileReference; lastKnownFileType = sourcecode.swift; path = Ragistration.swift; sourceTree = "<group>"; };
		F66C0C091F9B0829000AA0F1 /* Priority.swift */ = {isa = PBXFileReference; lastKnownFileType = sourcecode.swift; path = Priority.swift; sourceTree = "<group>"; };
		F66C0C0B1F9B1B2A000AA0F1 /* GeneTests.swift */ = {isa = PBXFileReference; lastKnownFileType = sourcecode.swift; path = GeneTests.swift; sourceTree = "<group>"; };
		F66DFB1E1F9229A30048C225 /* AnyHashableConvertible.swift */ = {isa = PBXFileReference; lastKnownFileType = sourcecode.swift; path = AnyHashableConvertible.swift; sourceTree = "<group>"; };
		F66DFB201F9315540048C225 /* HashCombine.swift */ = {isa = PBXFileReference; lastKnownFileType = sourcecode.swift; path = HashCombine.swift; sourceTree = "<group>"; };
		F66DFB221F9327C00048C225 /* PathExpressionTests.swift */ = {isa = PBXFileReference; lastKnownFileType = sourcecode.swift; path = PathExpressionTests.swift; sourceTree = "<group>"; };
		F66DFB251F936A8A0048C225 /* PathExpressionMatching.swift */ = {isa = PBXFileReference; lastKnownFileType = sourcecode.swift; path = PathExpressionMatching.swift; sourceTree = "<group>"; };
		F6A87C501F9056800022D46E /* Storage.swift */ = {isa = PBXFileReference; lastKnownFileType = sourcecode.swift; path = Storage.swift; sourceTree = "<group>"; };
		F6A87C551F905A140022D46E /* Storable.swift */ = {isa = PBXFileReference; lastKnownFileType = sourcecode.swift; path = Storable.swift; sourceTree = "<group>"; };
		F6A87C581F905AE80022D46E /* CompartmentIndex.swift */ = {isa = PBXFileReference; lastKnownFileType = sourcecode.swift; path = CompartmentIndex.swift; sourceTree = "<group>"; };
		F6A87C5B1F905B520022D46E /* Path.swift */ = {isa = PBXFileReference; lastKnownFileType = sourcecode.swift; path = Path.swift; sourceTree = "<group>"; };
		F6A87C5D1F905EDB0022D46E /* Storing.swift */ = {isa = PBXFileReference; lastKnownFileType = sourcecode.swift; path = Storing.swift; sourceTree = "<group>"; };
		F6A87C5F1F905FCC0022D46E /* StorableId.swift */ = {isa = PBXFileReference; lastKnownFileType = sourcecode.swift; path = StorableId.swift; sourceTree = "<group>"; };
		F6A87C611F90623C0022D46E /* Operators.swift */ = {isa = PBXFileReference; lastKnownFileType = sourcecode.swift; path = Operators.swift; sourceTree = "<group>"; };
		F6A87C631F9091390022D46E /* CompartmentIndexTests.swift */ = {isa = PBXFileReference; lastKnownFileType = sourcecode.swift; path = CompartmentIndexTests.swift; sourceTree = "<group>"; };
		F6A87C651F909B600022D46E /* LinuxMain.swift */ = {isa = PBXFileReference; fileEncoding = 4; lastKnownFileType = sourcecode.swift; path = LinuxMain.swift; sourceTree = "<group>"; };
		F6A87C671F909BE70022D46E /* PathTests.swift */ = {isa = PBXFileReference; lastKnownFileType = sourcecode.swift; path = PathTests.swift; sourceTree = "<group>"; };
		F6A87C691F909C4D0022D46E /* Definitions.swift */ = {isa = PBXFileReference; lastKnownFileType = sourcecode.swift; path = Definitions.swift; sourceTree = "<group>"; };
		F6A87C6B1F90A4230022D46E /* StorageTests.swift */ = {isa = PBXFileReference; lastKnownFileType = sourcecode.swift; path = StorageTests.swift; sourceTree = "<group>"; };
		F6ACB5501F95CAAE007BFC62 /* TypeChecker.swift */ = {isa = PBXFileReference; lastKnownFileType = sourcecode.swift; path = TypeChecker.swift; sourceTree = "<group>"; };
		F6ED5E011F94A80E00375D70 /* MatcherTests.swift */ = {isa = PBXFileReference; lastKnownFileType = sourcecode.swift; path = MatcherTests.swift; sourceTree = "<group>"; };
		F6EF800B1F937E4F0095AEE6 /* CompiledExpressionMatching.swift */ = {isa = PBXFileReference; lastKnownFileType = sourcecode.swift; path = CompiledExpressionMatching.swift; sourceTree = "<group>"; };
		F6EF80111F93960C0095AEE6 /* flatten.swift */ = {isa = PBXFileReference; lastKnownFileType = sourcecode.swift; path = flatten.swift; sourceTree = "<group>"; };
		F6EF80141F93991E0095AEE6 /* Box.swift */ = {isa = PBXFileReference; lastKnownFileType = sourcecode.swift; path = Box.swift; sourceTree = "<group>"; };
		"MicroGene::MicroGene::Product" /* MicroGene.framework */ = {isa = PBXFileReference; explicitFileType = wrapper.framework; path = MicroGene.framework; sourceTree = BUILT_PRODUCTS_DIR; };
		"MicroGene::MicroGeneTests::Product" /* MicroGeneTests.xctest */ = {isa = PBXFileReference; lastKnownFileType = file; path = MicroGeneTests.xctest; sourceTree = BUILT_PRODUCTS_DIR; };
		OBJ_6 /* Package.swift */ = {isa = PBXFileReference; explicitFileType = sourcecode.swift; path = Package.swift; sourceTree = "<group>"; };
/* End PBXFileReference section */

/* Begin PBXFrameworksBuildPhase section */
		OBJ_28 /* Frameworks */ = {
			isa = PBXFrameworksBuildPhase;
			buildActionMask = 0;
			files = (
				OBJ_29 /* MicroGene.framework in Frameworks */,
			);
			runOnlyForDeploymentPostprocessing = 0;
		};
		OBJ_37 /* Frameworks */ = {
			isa = PBXFrameworksBuildPhase;
			buildActionMask = 0;
			files = (
			);
			runOnlyForDeploymentPostprocessing = 0;
		};
/* End PBXFrameworksBuildPhase section */

/* Begin PBXGroup section */
		F60413901F90AE2900CC927D /* executor */ = {
			isa = PBXGroup;
			children = (
				F60413911F90AE7300CC927D /* Executor.swift */,
				F60413931F90AEF200CC927D /* Executing.swift */,
				F66C0BFD1F9AF43C000AA0F1 /* Executable.swift */,
			);
			path = executor;
			sourceTree = "<group>";
		};
		F60413951F90AF9E00CC927D /* matcher */ = {
			isa = PBXGroup;
			children = (
				F60413961F90AFBA00CC927D /* Matcher.swift */,
				F60413981F90AFF400CC927D /* Matching.swift */,
				F60413A01F90B25E00CC927D /* Matchable.swift */,
				F60413A21F90BA1E00CC927D /* PathExpression.swift */,
				F66DFB251F936A8A0048C225 /* PathExpressionMatching.swift */,
				F6EF800B1F937E4F0095AEE6 /* CompiledExpressionMatching.swift */,
				F66C0C091F9B0829000AA0F1 /* Priority.swift */,
			);
			path = matcher;
			sourceTree = "<group>";
		};
		F604139B1F90B1E400CC927D /* system */ = {
			isa = PBXGroup;
			children = (
				F604139C1F90B1FC00CC927D /* System.swift */,
				F66C0BFF1F9AF6AE000AA0F1 /* DefaultTypes.swift */,
				F66C0C031F9AF8AF000AA0F1 /* Gene.swift */,
				F66C0C051F9AF8DA000AA0F1 /* DefaultGenes.swift */,
				F66C0C071F9AF900000AA0F1 /* Ragistration.swift */,
			);
			path = system;
			sourceTree = "<group>";
		};
		F6A87C4E1F9056250022D46E /* utils */ = {
			isa = PBXGroup;
			children = (
				F6A87C611F90623C0022D46E /* Operators.swift */,
				F66DFB1E1F9229A30048C225 /* AnyHashableConvertible.swift */,
				F66DFB201F9315540048C225 /* HashCombine.swift */,
				F6EF80111F93960C0095AEE6 /* flatten.swift */,
				F6EF80141F93991E0095AEE6 /* Box.swift */,
				F6ACB5501F95CAAE007BFC62 /* TypeChecker.swift */,
			);
			path = utils;
			sourceTree = "<group>";
		};
		F6A87C4F1F90562B0022D46E /* storage */ = {
			isa = PBXGroup;
			children = (
				F6A87C501F9056800022D46E /* Storage.swift */,
				F6A87C551F905A140022D46E /* Storable.swift */,
				F6A87C581F905AE80022D46E /* CompartmentIndex.swift */,
				F6A87C5B1F905B520022D46E /* Path.swift */,
				F6A87C5D1F905EDB0022D46E /* Storing.swift */,
				F6A87C5F1F905FCC0022D46E /* StorableId.swift */,
				F66C0C011F9AF7B5000AA0F1 /* CompartmentId.swift */,
			);
			path = storage;
			sourceTree = "<group>";
		};
		OBJ_10 /* Tests */ = {
			isa = PBXGroup;
			children = (
				F6A87C651F909B600022D46E /* LinuxMain.swift */,
				OBJ_11 /* MicroGeneTests */,
			);
			path = Tests;
			sourceTree = "<group>";
		};
		OBJ_11 /* MicroGeneTests */ = {
			isa = PBXGroup;
			children = (
				F6A87C631F9091390022D46E /* CompartmentIndexTests.swift */,
				F6A87C671F909BE70022D46E /* PathTests.swift */,
				F6A87C691F909C4D0022D46E /* Definitions.swift */,
				F6A87C6B1F90A4230022D46E /* StorageTests.swift */,
				F66DFB221F9327C00048C225 /* PathExpressionTests.swift */,
				F6ED5E011F94A80E00375D70 /* MatcherTests.swift */,
				F66C0C0B1F9B1B2A000AA0F1 /* GeneTests.swift */,
			);
			path = MicroGeneTests;
			sourceTree = "<group>";
		};
		OBJ_13 /* Products */ = {
			isa = PBXGroup;
			children = (
				"MicroGene::MicroGeneTests::Product" /* MicroGeneTests.xctest */,
				"MicroGene::MicroGene::Product" /* MicroGene.framework */,
			);
			name = Products;
			sourceTree = BUILT_PRODUCTS_DIR;
		};
		OBJ_5 = {
			isa = PBXGroup;
			children = (
				OBJ_6 /* Package.swift */,
				OBJ_7 /* Sources */,
				OBJ_10 /* Tests */,
				OBJ_13 /* Products */,
			);
			sourceTree = "<group>";
		};
		OBJ_7 /* Sources */ = {
			isa = PBXGroup;
			children = (
				OBJ_8 /* MicroGene */,
			);
			name = Sources;
			sourceTree = "<group>";
		};
		OBJ_8 /* MicroGene */ = {
			isa = PBXGroup;
			children = (
				F604139B1F90B1E400CC927D /* system */,
				F60413951F90AF9E00CC927D /* matcher */,
				F60413901F90AE2900CC927D /* executor */,
				F6A87C4F1F90562B0022D46E /* storage */,
				F6A87C4E1F9056250022D46E /* utils */,
			);
			name = MicroGene;
			path = Sources/MicroGene;
			sourceTree = "<group>";
		};
/* End PBXGroup section */

/* Begin PBXNativeTarget section */
		"MicroGene::MicroGene" /* MicroGene */ = {
			isa = PBXNativeTarget;
			buildConfigurationList = OBJ_32 /* Build configuration list for PBXNativeTarget "MicroGene" */;
			buildPhases = (
				OBJ_35 /* Sources */,
				OBJ_37 /* Frameworks */,
			);
			buildRules = (
			);
			dependencies = (
			);
			name = MicroGene;
			productName = MicroGene;
			productReference = "MicroGene::MicroGene::Product" /* MicroGene.framework */;
			productType = "com.apple.product-type.framework";
		};
		"MicroGene::MicroGeneTests" /* MicroGeneTests */ = {
			isa = PBXNativeTarget;
			buildConfigurationList = OBJ_23 /* Build configuration list for PBXNativeTarget "MicroGeneTests" */;
			buildPhases = (
				OBJ_26 /* Sources */,
				OBJ_28 /* Frameworks */,
			);
			buildRules = (
			);
			dependencies = (
				OBJ_30 /* PBXTargetDependency */,
			);
			name = MicroGeneTests;
			productName = MicroGeneTests;
			productReference = "MicroGene::MicroGeneTests::Product" /* MicroGeneTests.xctest */;
			productType = "com.apple.product-type.bundle.unit-test";
		};
		"MicroGene::SwiftPMPackageDescription" /* MicroGenePackageDescription */ = {
			isa = PBXNativeTarget;
			buildConfigurationList = OBJ_17 /* Build configuration list for PBXNativeTarget "MicroGenePackageDescription" */;
			buildPhases = (
				OBJ_20 /* Sources */,
			);
			buildRules = (
			);
			dependencies = (
			);
			name = MicroGenePackageDescription;
			productName = MicroGenePackageDescription;
			productType = "com.apple.product-type.framework";
		};
/* End PBXNativeTarget section */

/* Begin PBXProject section */
		OBJ_1 /* Project object */ = {
			isa = PBXProject;
			attributes = {
				LastUpgradeCheck = 9999;
				ORGANIZATIONNAME = "";
			};
			buildConfigurationList = OBJ_2 /* Build configuration list for PBXProject "MicroGene" */;
			compatibilityVersion = "Xcode 3.2";
			developmentRegion = English;
			hasScannedForEncodings = 0;
			knownRegions = (
				en,
			);
			mainGroup = OBJ_5;
			productRefGroup = OBJ_13 /* Products */;
			projectDirPath = "";
			projectRoot = "";
			targets = (
				"MicroGene::SwiftPMPackageDescription" /* MicroGenePackageDescription */,
				"MicroGene::MicroGeneTests" /* MicroGeneTests */,
				"MicroGene::MicroGene" /* MicroGene */,
				"MicroGene::MicroGenePackageTests::ProductTarget" /* MicroGenePackageTests */,
			);
		};
/* End PBXProject section */

/* Begin PBXSourcesBuildPhase section */
		OBJ_20 /* Sources */ = {
			isa = PBXSourcesBuildPhase;
			buildActionMask = 0;
			files = (
				OBJ_21 /* Package.swift in Sources */,
			);
			runOnlyForDeploymentPostprocessing = 0;
		};
		OBJ_26 /* Sources */ = {
			isa = PBXSourcesBuildPhase;
			buildActionMask = 0;
			files = (
				F6ED5E031F94A81E00375D70 /* MatcherTests.swift in Sources */,
				F6A87C6A1F909C4D0022D46E /* Definitions.swift in Sources */,
				F66DFB241F93286F0048C225 /* PathExpressionTests.swift in Sources */,
				F6A87C681F909BE70022D46E /* PathTests.swift in Sources */,
				F66C0C0C1F9B1B2A000AA0F1 /* GeneTests.swift in Sources */,
				F6A87C6C1F90A4230022D46E /* StorageTests.swift in Sources */,
				F6A87C641F9091390022D46E /* CompartmentIndexTests.swift in Sources */,
			);
			runOnlyForDeploymentPostprocessing = 0;
		};
		OBJ_35 /* Sources */ = {
			isa = PBXSourcesBuildPhase;
			buildActionMask = 0;
			files = (
				F66C0C001F9AF6AE000AA0F1 /* DefaultTypes.swift in Sources */,
				F60413A11F90B25E00CC927D /* Matchable.swift in Sources */,
				F6ACB5511F95CAAE007BFC62 /* TypeChecker.swift in Sources */,
				F60413921F90AE7300CC927D /* Executor.swift in Sources */,
				F6A87C601F905FCC0022D46E /* StorableId.swift in Sources */,
				F604139D1F90B1FC00CC927D /* System.swift in Sources */,
				F66C0C061F9AF8DA000AA0F1 /* DefaultGenes.swift in Sources */,
				F6EF80151F93991E0095AEE6 /* Box.swift in Sources */,
				F6EF80131F93960F0095AEE6 /* flatten.swift in Sources */,
				F66DFB1F1F9229A30048C225 /* AnyHashableConvertible.swift in Sources */,
				F6A87C621F90623C0022D46E /* Operators.swift in Sources */,
				F66C0C041F9AF8AF000AA0F1 /* Gene.swift in Sources */,
				F60413A31F90BA1E00CC927D /* PathExpression.swift in Sources */,
				F6A87C571F905A7B0022D46E /* Storable.swift in Sources */,
				F66C0BFE1F9AF43C000AA0F1 /* Executable.swift in Sources */,
				F66C0C021F9AF7B5000AA0F1 /* CompartmentId.swift in Sources */,
				F6EF800D1F937ED70095AEE6 /* CompiledExpressionMatching.swift in Sources */,
				F6A87C541F9059460022D46E /* Storage.swift in Sources */,
				F60413941F90AEF200CC927D /* Executing.swift in Sources */,
				F60413991F90AFF400CC927D /* Matching.swift in Sources */,
				F6A87C5E1F905EDB0022D46E /* Storing.swift in Sources */,
				F66DFB261F936A8A0048C225 /* PathExpressionMatching.swift in Sources */,
				F66DFB211F9315540048C225 /* HashCombine.swift in Sources */,
				F66C0C0A1F9B0829000AA0F1 /* Priority.swift in Sources */,
				F66C0C081F9AF900000AA0F1 /* Ragistration.swift in Sources */,
				F6A87C5C1F905B520022D46E /* Path.swift in Sources */,
				F60413971F90AFBA00CC927D /* Matcher.swift in Sources */,
				F6A87C5A1F905AEA0022D46E /* CompartmentIndex.swift in Sources */,
			);
			runOnlyForDeploymentPostprocessing = 0;
		};
/* End PBXSourcesBuildPhase section */

/* Begin PBXTargetDependency section */
		OBJ_30 /* PBXTargetDependency */ = {
			isa = PBXTargetDependency;
			target = "MicroGene::MicroGene" /* MicroGene */;
			targetProxy = F6A87C4C1F9051070022D46E /* PBXContainerItemProxy */;
		};
		OBJ_42 /* PBXTargetDependency */ = {
			isa = PBXTargetDependency;
			target = "MicroGene::MicroGeneTests" /* MicroGeneTests */;
			targetProxy = F6A87C4D1F90510E0022D46E /* PBXContainerItemProxy */;
		};
/* End PBXTargetDependency section */

/* Begin XCBuildConfiguration section */
		OBJ_18 /* Debug */ = {
			isa = XCBuildConfiguration;
			buildSettings = {
				LD = /usr/bin/true;
				OTHER_SWIFT_FLAGS = "-swift-version 4 -I /Applications/Xcode.app/Contents/Developer/Toolchains/XcodeDefault.xctoolchain/usr/lib/swift/pm/4 -target x86_64-apple-macosx10.10 -sdk /Applications/Xcode.app/Contents/Developer/Platforms/MacOSX.platform/Developer/SDKs/MacOSX10.13.sdk";
				SWIFT_VERSION = 4.0;
			};
			name = Debug;
		};
		OBJ_19 /* Release */ = {
			isa = XCBuildConfiguration;
			buildSettings = {
				LD = /usr/bin/true;
				OTHER_SWIFT_FLAGS = "-swift-version 4 -I /Applications/Xcode.app/Contents/Developer/Toolchains/XcodeDefault.xctoolchain/usr/lib/swift/pm/4 -target x86_64-apple-macosx10.10 -sdk /Applications/Xcode.app/Contents/Developer/Platforms/MacOSX.platform/Developer/SDKs/MacOSX10.13.sdk";
				SWIFT_VERSION = 4.0;
			};
			name = Release;
		};
		OBJ_24 /* Debug */ = {
			isa = XCBuildConfiguration;
			buildSettings = {
				EMBEDDED_CONTENT_CONTAINS_SWIFT = YES;
				FRAMEWORK_SEARCH_PATHS = (
					"$(inherited)",
					"$(PLATFORM_DIR)/Developer/Library/Frameworks",
				);
				HEADER_SEARCH_PATHS = "$(inherited)";
				INFOPLIST_FILE = MicroGene.xcodeproj/MicroGeneTests_Info.plist;
				LD_RUNPATH_SEARCH_PATHS = "@loader_path/../Frameworks @loader_path/Frameworks";
				OTHER_LDFLAGS = "$(inherited)";
				OTHER_SWIFT_FLAGS = "$(inherited)";
				SWIFT_VERSION = 4.0;
				TARGET_NAME = MicroGeneTests;
			};
			name = Debug;
		};
		OBJ_25 /* Release */ = {
			isa = XCBuildConfiguration;
			buildSettings = {
				EMBEDDED_CONTENT_CONTAINS_SWIFT = YES;
				FRAMEWORK_SEARCH_PATHS = (
					"$(inherited)",
					"$(PLATFORM_DIR)/Developer/Library/Frameworks",
				);
				HEADER_SEARCH_PATHS = "$(inherited)";
				INFOPLIST_FILE = MicroGene.xcodeproj/MicroGeneTests_Info.plist;
				LD_RUNPATH_SEARCH_PATHS = "@loader_path/../Frameworks @loader_path/Frameworks";
				OTHER_LDFLAGS = "$(inherited)";
				OTHER_SWIFT_FLAGS = "$(inherited)";
				SWIFT_VERSION = 4.0;
				TARGET_NAME = MicroGeneTests;
			};
			name = Release;
		};
		OBJ_3 /* Debug */ = {
			isa = XCBuildConfiguration;
			buildSettings = {
				CLANG_ENABLE_OBJC_ARC = YES;
				COMBINE_HIDPI_IMAGES = YES;
				COPY_PHASE_STRIP = NO;
				DEBUG_INFORMATION_FORMAT = dwarf;
				DYLIB_INSTALL_NAME_BASE = "@rpath";
				ENABLE_NS_ASSERTIONS = YES;
				GCC_OPTIMIZATION_LEVEL = 0;
				MACOSX_DEPLOYMENT_TARGET = 10.10;
				ONLY_ACTIVE_ARCH = YES;
				OTHER_SWIFT_FLAGS = "-DXcode";
				PRODUCT_NAME = "$(TARGET_NAME)";
				SDKROOT = macosx;
				SUPPORTED_PLATFORMS = "macosx iphoneos iphonesimulator appletvos appletvsimulator watchos watchsimulator";
				SWIFT_ACTIVE_COMPILATION_CONDITIONS = SWIFT_PACKAGE;
				SWIFT_OPTIMIZATION_LEVEL = "-Onone";
				USE_HEADERMAP = NO;
			};
			name = Debug;
		};
		OBJ_33 /* Debug */ = {
			isa = XCBuildConfiguration;
			buildSettings = {
				ENABLE_TESTABILITY = YES;
				FRAMEWORK_SEARCH_PATHS = (
					"$(inherited)",
					"$(PLATFORM_DIR)/Developer/Library/Frameworks",
				);
				HEADER_SEARCH_PATHS = "$(inherited)";
				INFOPLIST_FILE = MicroGene.xcodeproj/MicroGene_Info.plist;
				LD_RUNPATH_SEARCH_PATHS = "$(TOOLCHAIN_DIR)/usr/lib/swift/macosx";
				OTHER_LDFLAGS = "$(inherited)";
				OTHER_SWIFT_FLAGS = "$(inherited)";
				PRODUCT_BUNDLE_IDENTIFIER = MicroGene;
				PRODUCT_MODULE_NAME = "$(TARGET_NAME:c99extidentifier)";
				PRODUCT_NAME = "$(TARGET_NAME:c99extidentifier)";
				SKIP_INSTALL = YES;
				SWIFT_VERSION = 4.0;
				TARGET_NAME = MicroGene;
			};
			name = Debug;
		};
		OBJ_34 /* Release */ = {
			isa = XCBuildConfiguration;
			buildSettings = {
				ENABLE_TESTABILITY = YES;
				FRAMEWORK_SEARCH_PATHS = (
					"$(inherited)",
					"$(PLATFORM_DIR)/Developer/Library/Frameworks",
				);
				HEADER_SEARCH_PATHS = "$(inherited)";
				INFOPLIST_FILE = MicroGene.xcodeproj/MicroGene_Info.plist;
				LD_RUNPATH_SEARCH_PATHS = "$(TOOLCHAIN_DIR)/usr/lib/swift/macosx";
				OTHER_LDFLAGS = "$(inherited)";
				OTHER_SWIFT_FLAGS = "$(inherited)";
				PRODUCT_BUNDLE_IDENTIFIER = MicroGene;
				PRODUCT_MODULE_NAME = "$(TARGET_NAME:c99extidentifier)";
				PRODUCT_NAME = "$(TARGET_NAME:c99extidentifier)";
				SKIP_INSTALL = YES;
				SWIFT_VERSION = 4.0;
				TARGET_NAME = MicroGene;
			};
			name = Release;
		};
		OBJ_4 /* Release */ = {
			isa = XCBuildConfiguration;
			buildSettings = {
				CLANG_ENABLE_OBJC_ARC = YES;
				COMBINE_HIDPI_IMAGES = YES;
				COPY_PHASE_STRIP = YES;
				DEBUG_INFORMATION_FORMAT = "dwarf-with-dsym";
				DYLIB_INSTALL_NAME_BASE = "@rpath";
				GCC_OPTIMIZATION_LEVEL = s;
				MACOSX_DEPLOYMENT_TARGET = 10.10;
				OTHER_SWIFT_FLAGS = "-DXcode";
				PRODUCT_NAME = "$(TARGET_NAME)";
				SDKROOT = macosx;
				SUPPORTED_PLATFORMS = "macosx iphoneos iphonesimulator appletvos appletvsimulator watchos watchsimulator";
				SWIFT_ACTIVE_COMPILATION_CONDITIONS = SWIFT_PACKAGE;
				SWIFT_OPTIMIZATION_LEVEL = "-Owholemodule";
				USE_HEADERMAP = NO;
			};
			name = Release;
		};
		OBJ_40 /* Debug */ = {
			isa = XCBuildConfiguration;
			buildSettings = {
			};
			name = Debug;
		};
		OBJ_41 /* Release */ = {
			isa = XCBuildConfiguration;
			buildSettings = {
			};
			name = Release;
		};
/* End XCBuildConfiguration section */

/* Begin XCConfigurationList section */
		OBJ_17 /* Build configuration list for PBXNativeTarget "MicroGenePackageDescription" */ = {
			isa = XCConfigurationList;
			buildConfigurations = (
				OBJ_18 /* Debug */,
				OBJ_19 /* Release */,
			);
			defaultConfigurationIsVisible = 0;
			defaultConfigurationName = Debug;
		};
		OBJ_2 /* Build configuration list for PBXProject "MicroGene" */ = {
			isa = XCConfigurationList;
			buildConfigurations = (
				OBJ_3 /* Debug */,
				OBJ_4 /* Release */,
			);
			defaultConfigurationIsVisible = 0;
			defaultConfigurationName = Debug;
		};
		OBJ_23 /* Build configuration list for PBXNativeTarget "MicroGeneTests" */ = {
			isa = XCConfigurationList;
			buildConfigurations = (
				OBJ_24 /* Debug */,
				OBJ_25 /* Release */,
			);
			defaultConfigurationIsVisible = 0;
			defaultConfigurationName = Debug;
		};
		OBJ_32 /* Build configuration list for PBXNativeTarget "MicroGene" */ = {
			isa = XCConfigurationList;
			buildConfigurations = (
				OBJ_33 /* Debug */,
				OBJ_34 /* Release */,
			);
			defaultConfigurationIsVisible = 0;
			defaultConfigurationName = Debug;
		};
		OBJ_39 /* Build configuration list for PBXAggregateTarget "MicroGenePackageTests" */ = {
			isa = XCConfigurationList;
			buildConfigurations = (
				OBJ_40 /* Debug */,
				OBJ_41 /* Release */,
			);
			defaultConfigurationIsVisible = 0;
			defaultConfigurationName = Debug;
		};
/* End XCConfigurationList section */
	};
	rootObject = OBJ_1 /* Project object */;
}
